// !$*UTF8*$!
{
	archiveVersion = 1;
	classes = {
	};
	objectVersion = 77;
	objects = {

/* Begin PBXContainerItemProxy section */
		79D1EB422E4F677600625E35 /* PBXContainerItemProxy */ = {
			isa = PBXContainerItemProxy;
			containerPortal = 79D1EB2B2E4F677600625E35 /* Project object */;
			proxyType = 1;
			remoteGlobalIDString = 79D1EB322E4F677600625E35;
			remoteInfo = PingStatus;
		};
		79D1EB4C2E4F677600625E35 /* PBXContainerItemProxy */ = {
			isa = PBXContainerItemProxy;
			containerPortal = 79D1EB2B2E4F677600625E35 /* Project object */;
			proxyType = 1;
			remoteGlobalIDString = 79D1EB322E4F677600625E35;
			remoteInfo = PingStatus;
		};
/* End PBXContainerItemProxy section */

/* Begin PBXFileReference section */
		79D1EB332E4F677600625E35 /* PingStatus.app */ = {isa = PBXFileReference; explicitFileType = wrapper.application; includeInIndex = 0; path = PingStatus.app; sourceTree = BUILT_PRODUCTS_DIR; };
		79D1EB412E4F677600625E35 /* PingStatusTests.xctest */ = {isa = PBXFileReference; explicitFileType = wrapper.cfbundle; includeInIndex = 0; path = PingStatusTests.xctest; sourceTree = BUILT_PRODUCTS_DIR; };
		79D1EB4B2E4F677600625E35 /* PingStatusUITests.xctest */ = {isa = PBXFileReference; explicitFileType = wrapper.cfbundle; includeInIndex = 0; path = PingStatusUITests.xctest; sourceTree = BUILT_PRODUCTS_DIR; };
/* End PBXFileReference section */

/* Begin PBXFileSystemSynchronizedRootGroup section */
		79D1EB352E4F677600625E35 /* PingStatus */ = {
			isa = PBXFileSystemSynchronizedRootGroup;
			path = PingStatus;
			sourceTree = "<group>";
		};
		79D1EB442E4F677600625E35 /* PingStatusTests */ = {
			isa = PBXFileSystemSynchronizedRootGroup;
			path = PingStatusTests;
			sourceTree = "<group>";
		};
		79D1EB4E2E4F677600625E35 /* PingStatusUITests */ = {
			isa = PBXFileSystemSynchronizedRootGroup;
			path = PingStatusUITests;
			sourceTree = "<group>";
		};
/* End PBXFileSystemSynchronizedRootGroup section */

/* Begin PBXFrameworksBuildPhase section */
		79D1EB302E4F677600625E35 /* Frameworks */ = {
			isa = PBXFrameworksBuildPhase;
			buildActionMask = 2147483647;
			files = (
			);
			runOnlyForDeploymentPostprocessing = 0;
		};
		79D1EB3E2E4F677600625E35 /* Frameworks */ = {
			isa = PBXFrameworksBuildPhase;
			buildActionMask = 2147483647;
			files = (
			);
			runOnlyForDeploymentPostprocessing = 0;
		};
		79D1EB482E4F677600625E35 /* Frameworks */ = {
			isa = PBXFrameworksBuildPhase;
			buildActionMask = 2147483647;
			files = (
			);
			runOnlyForDeploymentPostprocessing = 0;
		};
/* End PBXFrameworksBuildPhase section */

/* Begin PBXGroup section */
		79D1EB2A2E4F677600625E35 = {
			isa = PBXGroup;
			children = (
				79D1EB352E4F677600625E35 /* PingStatus */,
				79D1EB442E4F677600625E35 /* PingStatusTests */,
				79D1EB4E2E4F677600625E35 /* PingStatusUITests */,
				79D1EB342E4F677600625E35 /* Products */,
			);
			sourceTree = "<group>";
		};
		79D1EB342E4F677600625E35 /* Products */ = {
			isa = PBXGroup;
			children = (
				79D1EB332E4F677600625E35 /* PingStatus.app */,
				79D1EB412E4F677600625E35 /* PingStatusTests.xctest */,
				79D1EB4B2E4F677600625E35 /* PingStatusUITests.xctest */,
			);
			name = Products;
			sourceTree = "<group>";
		};
/* End PBXGroup section */

/* Begin PBXNativeTarget section */
		79D1EB322E4F677600625E35 /* PingStatus */ = {
			isa = PBXNativeTarget;
			buildConfigurationList = 79D1EB552E4F677600625E35 /* Build configuration list for PBXNativeTarget "PingStatus" */;
			buildPhases = (
				79D1EB2F2E4F677600625E35 /* Sources */,
				79D1EB302E4F677600625E35 /* Frameworks */,
				79D1EB312E4F677600625E35 /* Resources */,
			);
			buildRules = (
			);
			dependencies = (
			);
			fileSystemSynchronizedGroups = (
				79D1EB352E4F677600625E35 /* PingStatus */,
			);
			name = PingStatus;
			packageProductDependencies = (
			);
			productName = PingStatus;
			productReference = 79D1EB332E4F677600625E35 /* PingStatus.app */;
			productType = "com.apple.product-type.application";
		};
		79D1EB402E4F677600625E35 /* PingStatusTests */ = {
			isa = PBXNativeTarget;
			buildConfigurationList = 79D1EB582E4F677600625E35 /* Build configuration list for PBXNativeTarget "PingStatusTests" */;
			buildPhases = (
				79D1EB3D2E4F677600625E35 /* Sources */,
				79D1EB3E2E4F677600625E35 /* Frameworks */,
				79D1EB3F2E4F677600625E35 /* Resources */,
			);
			buildRules = (
			);
			dependencies = (
				79D1EB432E4F677600625E35 /* PBXTargetDependency */,
			);
			fileSystemSynchronizedGroups = (
				79D1EB442E4F677600625E35 /* PingStatusTests */,
			);
			name = PingStatusTests;
			packageProductDependencies = (
			);
			productName = PingStatusTests;
			productReference = 79D1EB412E4F677600625E35 /* PingStatusTests.xctest */;
			productType = "com.apple.product-type.bundle.unit-test";
		};
		79D1EB4A2E4F677600625E35 /* PingStatusUITests */ = {
			isa = PBXNativeTarget;
			buildConfigurationList = 79D1EB5B2E4F677600625E35 /* Build configuration list for PBXNativeTarget "PingStatusUITests" */;
			buildPhases = (
				79D1EB472E4F677600625E35 /* Sources */,
				79D1EB482E4F677600625E35 /* Frameworks */,
				79D1EB492E4F677600625E35 /* Resources */,
			);
			buildRules = (
			);
			dependencies = (
				79D1EB4D2E4F677600625E35 /* PBXTargetDependency */,
			);
			fileSystemSynchronizedGroups = (
				79D1EB4E2E4F677600625E35 /* PingStatusUITests */,
			);
			name = PingStatusUITests;
			packageProductDependencies = (
			);
			productName = PingStatusUITests;
			productReference = 79D1EB4B2E4F677600625E35 /* PingStatusUITests.xctest */;
			productType = "com.apple.product-type.bundle.ui-testing";
		};
/* End PBXNativeTarget section */

/* Begin PBXProject section */
		79D1EB2B2E4F677600625E35 /* Project object */ = {
			isa = PBXProject;
			attributes = {
				BuildIndependentTargetsInParallel = 1;
				LastSwiftUpdateCheck = 1640;
				LastUpgradeCheck = 1640;
				TargetAttributes = {
					79D1EB322E4F677600625E35 = {
						CreatedOnToolsVersion = 16.4;
					};
					79D1EB402E4F677600625E35 = {
						CreatedOnToolsVersion = 16.4;
						TestTargetID = 79D1EB322E4F677600625E35;
					};
					79D1EB4A2E4F677600625E35 = {
						CreatedOnToolsVersion = 16.4;
						TestTargetID = 79D1EB322E4F677600625E35;
					};
				};
			};
			buildConfigurationList = 79D1EB2E2E4F677600625E35 /* Build configuration list for PBXProject "PingStatus" */;
			developmentRegion = en;
			hasScannedForEncodings = 0;
			knownRegions = (
				en,
				Base,
			);
			mainGroup = 79D1EB2A2E4F677600625E35;
			minimizedProjectReferenceProxies = 1;
			preferredProjectObjectVersion = 77;
			productRefGroup = 79D1EB342E4F677600625E35 /* Products */;
			projectDirPath = "";
			projectRoot = "";
			targets = (
				79D1EB322E4F677600625E35 /* PingStatus */,
				79D1EB402E4F677600625E35 /* PingStatusTests */,
				79D1EB4A2E4F677600625E35 /* PingStatusUITests */,
			);
		};
/* End PBXProject section */

/* Begin PBXResourcesBuildPhase section */
		79D1EB312E4F677600625E35 /* Resources */ = {
			isa = PBXResourcesBuildPhase;
			buildActionMask = 2147483647;
			files = (
			);
			runOnlyForDeploymentPostprocessing = 0;
		};
		79D1EB3F2E4F677600625E35 /* Resources */ = {
			isa = PBXResourcesBuildPhase;
			buildActionMask = 2147483647;
			files = (
			);
			runOnlyForDeploymentPostprocessing = 0;
		};
		79D1EB492E4F677600625E35 /* Resources */ = {
			isa = PBXResourcesBuildPhase;
			buildActionMask = 2147483647;
			files = (
			);
			runOnlyForDeploymentPostprocessing = 0;
		};
/* End PBXResourcesBuildPhase section */

/* Begin PBXSourcesBuildPhase section */
		79D1EB2F2E4F677600625E35 /* Sources */ = {
			isa = PBXSourcesBuildPhase;
			buildActionMask = 2147483647;
			files = (
			);
			runOnlyForDeploymentPostprocessing = 0;
		};
		79D1EB3D2E4F677600625E35 /* Sources */ = {
			isa = PBXSourcesBuildPhase;
			buildActionMask = 2147483647;
			files = (
			);
			runOnlyForDeploymentPostprocessing = 0;
		};
		79D1EB472E4F677600625E35 /* Sources */ = {
			isa = PBXSourcesBuildPhase;
			buildActionMask = 2147483647;
			files = (
			);
			runOnlyForDeploymentPostprocessing = 0;
		};
/* End PBXSourcesBuildPhase section */

/* Begin PBXTargetDependency section */
		79D1EB432E4F677600625E35 /* PBXTargetDependency */ = {
			isa = PBXTargetDependency;
			target = 79D1EB322E4F677600625E35 /* PingStatus */;
			targetProxy = 79D1EB422E4F677600625E35 /* PBXContainerItemProxy */;
		};
		79D1EB4D2E4F677600625E35 /* PBXTargetDependency */ = {
			isa = PBXTargetDependency;
			target = 79D1EB322E4F677600625E35 /* PingStatus */;
			targetProxy = 79D1EB4C2E4F677600625E35 /* PBXContainerItemProxy */;
		};
/* End PBXTargetDependency section */

/* Begin XCBuildConfiguration section */
		79D1EB532E4F677600625E35 /* Debug */ = {
			isa = XCBuildConfiguration;
			buildSettings = {
				ALWAYS_SEARCH_USER_PATHS = NO;
				ASSETCATALOG_COMPILER_GENERATE_SWIFT_ASSET_SYMBOL_EXTENSIONS = YES;
				CLANG_ANALYZER_NONNULL = YES;
				CLANG_ANALYZER_NUMBER_OBJECT_CONVERSION = YES_AGGRESSIVE;
				CLANG_CXX_LANGUAGE_STANDARD = "gnu++20";
				CLANG_ENABLE_MODULES = YES;
				CLANG_ENABLE_OBJC_ARC = YES;
				CLANG_ENABLE_OBJC_WEAK = YES;
				CLANG_WARN_BLOCK_CAPTURE_AUTORELEASING = YES;
				CLANG_WARN_BOOL_CONVERSION = YES;
				CLANG_WARN_COMMA = YES;
				CLANG_WARN_CONSTANT_CONVERSION = YES;
				CLANG_WARN_DEPRECATED_OBJC_IMPLEMENTATIONS = YES;
				CLANG_WARN_DIRECT_OBJC_ISA_USAGE = YES_ERROR;
				CLANG_WARN_DOCUMENTATION_COMMENTS = YES;
				CLANG_WARN_EMPTY_BODY = YES;
				CLANG_WARN_ENUM_CONVERSION = YES;
				CLANG_WARN_INFINITE_RECURSION = YES;
				CLANG_WARN_INT_CONVERSION = YES;
				CLANG_WARN_NON_LITERAL_NULL_CONVERSION = YES;
				CLANG_WARN_OBJC_IMPLICIT_RETAIN_SELF = YES;
				CLANG_WARN_OBJC_LITERAL_CONVERSION = YES;
				CLANG_WARN_OBJC_ROOT_CLASS = YES_ERROR;
				CLANG_WARN_QUOTED_INCLUDE_IN_FRAMEWORK_HEADER = YES;
				CLANG_WARN_RANGE_LOOP_ANALYSIS = YES;
				CLANG_WARN_STRICT_PROTOTYPES = YES;
				CLANG_WARN_SUSPICIOUS_MOVE = YES;
				CLANG_WARN_UNGUARDED_AVAILABILITY = YES_AGGRESSIVE;
				CLANG_WARN_UNREACHABLE_CODE = YES;
				CLANG_WARN__DUPLICATE_METHOD_MATCH = YES;
				COPY_PHASE_STRIP = NO;
				DEBUG_INFORMATION_FORMAT = dwarf;
				ENABLE_STRICT_OBJC_MSGSEND = YES;
				ENABLE_TESTABILITY = YES;
				ENABLE_USER_SCRIPT_SANDBOXING = YES;
				GCC_C_LANGUAGE_STANDARD = gnu17;
				GCC_DYNAMIC_NO_PIC = NO;
				GCC_NO_COMMON_BLOCKS = YES;
				GCC_OPTIMIZATION_LEVEL = 0;
				GCC_PREPROCESSOR_DEFINITIONS = (
					"DEBUG=1",
					"$(inherited)",
				);
				GCC_WARN_64_TO_32_BIT_CONVERSION = YES;
				GCC_WARN_ABOUT_RETURN_TYPE = YES_ERROR;
				GCC_WARN_UNDECLARED_SELECTOR = YES;
				GCC_WARN_UNINITIALIZED_AUTOS = YES_AGGRESSIVE;
				GCC_WARN_UNUSED_FUNCTION = YES;
				GCC_WARN_UNUSED_VARIABLE = YES;
				LOCALIZATION_PREFERS_STRING_CATALOGS = YES;
				MACOSX_DEPLOYMENT_TARGET = 15.5;
				MTL_ENABLE_DEBUG_INFO = INCLUDE_SOURCE;
				MTL_FAST_MATH = YES;
				ONLY_ACTIVE_ARCH = YES;
				SDKROOT = macosx;
				SWIFT_ACTIVE_COMPILATION_CONDITIONS = "DEBUG $(inherited)";
				SWIFT_OPTIMIZATION_LEVEL = "-Onone";
			};
			name = Debug;
		};
		79D1EB542E4F677600625E35 /* Release */ = {
			isa = XCBuildConfiguration;
			buildSettings = {
				ALWAYS_SEARCH_USER_PATHS = NO;
				ASSETCATALOG_COMPILER_GENERATE_SWIFT_ASSET_SYMBOL_EXTENSIONS = YES;
				CLANG_ANALYZER_NONNULL = YES;
				CLANG_ANALYZER_NUMBER_OBJECT_CONVERSION = YES_AGGRESSIVE;
				CLANG_CXX_LANGUAGE_STANDARD = "gnu++20";
				CLANG_ENABLE_MODULES = YES;
				CLANG_ENABLE_OBJC_ARC = YES;
				CLANG_ENABLE_OBJC_WEAK = YES;
				CLANG_WARN_BLOCK_CAPTURE_AUTORELEASING = YES;
				CLANG_WARN_BOOL_CONVERSION = YES;
				CLANG_WARN_COMMA = YES;
				CLANG_WARN_CONSTANT_CONVERSION = YES;
				CLANG_WARN_DEPRECATED_OBJC_IMPLEMENTATIONS = YES;
				CLANG_WARN_DIRECT_OBJC_ISA_USAGE = YES_ERROR;
				CLANG_WARN_DOCUMENTATION_COMMENTS = YES;
				CLANG_WARN_EMPTY_BODY = YES;
				CLANG_WARN_ENUM_CONVERSION = YES;
				CLANG_WARN_INFINITE_RECURSION = YES;
				CLANG_WARN_INT_CONVERSION = YES;
				CLANG_WARN_NON_LITERAL_NULL_CONVERSION = YES;
				CLANG_WARN_OBJC_IMPLICIT_RETAIN_SELF = YES;
				CLANG_WARN_OBJC_LITERAL_CONVERSION = YES;
				CLANG_WARN_OBJC_ROOT_CLASS = YES_ERROR;
				CLANG_WARN_QUOTED_INCLUDE_IN_FRAMEWORK_HEADER = YES;
				CLANG_WARN_RANGE_LOOP_ANALYSIS = YES;
				CLANG_WARN_STRICT_PROTOTYPES = YES;
				CLANG_WARN_SUSPICIOUS_MOVE = YES;
				CLANG_WARN_UNGUARDED_AVAILABILITY = YES_AGGRESSIVE;
				CLANG_WARN_UNREACHABLE_CODE = YES;
				CLANG_WARN__DUPLICATE_METHOD_MATCH = YES;
				COPY_PHASE_STRIP = NO;
				DEBUG_INFORMATION_FORMAT = "dwarf-with-dsym";
				ENABLE_NS_ASSERTIONS = NO;
				ENABLE_STRICT_OBJC_MSGSEND = YES;
				ENABLE_USER_SCRIPT_SANDBOXING = YES;
				GCC_C_LANGUAGE_STANDARD = gnu17;
				GCC_NO_COMMON_BLOCKS = YES;
				GCC_WARN_64_TO_32_BIT_CONVERSION = YES;
				GCC_WARN_ABOUT_RETURN_TYPE = YES_ERROR;
				GCC_WARN_UNDECLARED_SELECTOR = YES;
				GCC_WARN_UNINITIALIZED_AUTOS = YES_AGGRESSIVE;
				GCC_WARN_UNUSED_FUNCTION = YES;
				GCC_WARN_UNUSED_VARIABLE = YES;
				LOCALIZATION_PREFERS_STRING_CATALOGS = YES;
				MACOSX_DEPLOYMENT_TARGET = 15.5;
				MTL_ENABLE_DEBUG_INFO = NO;
				MTL_FAST_MATH = YES;
				SDKROOT = macosx;
				SWIFT_COMPILATION_MODE = wholemodule;
			};
			name = Release;
		};
		79D1EB562E4F677600625E35 /* Debug */ = {
			isa = XCBuildConfiguration;
			buildSettings = {
				ASSETCATALOG_COMPILER_APPICON_NAME = AppIcon;
				ASSETCATALOG_COMPILER_GLOBAL_ACCENT_COLOR_NAME = AccentColor;
				CODE_SIGN_ENTITLEMENTS = PingStatus/PingStatus.entitlements;
				CODE_SIGN_STYLE = Automatic;
				COMBINE_HIDPI_IMAGES = YES;
				CURRENT_PROJECT_VERSION = 1;
				ENABLE_PREVIEWS = YES;
				GENERATE_INFOPLIST_FILE = YES;
				INFOPLIST_KEY_NSHumanReadableCopyright = "";
				LD_RUNPATH_SEARCH_PATHS = (
					"$(inherited)",
					"@executable_path/../Frameworks",
				);
				MARKETING_VERSION = 1.0;
				PRODUCT_BUNDLE_IDENTIFIER = small.utils.PingStatus;
				PRODUCT_NAME = "$(TARGET_NAME)";
				REGISTER_APP_GROUPS = YES;
				SWIFT_EMIT_LOC_STRINGS = YES;
				SWIFT_VERSION = 5.0;
			};
			name = Debug;
		};
		79D1EB572E4F677600625E35 /* Release */ = {
			isa = XCBuildConfiguration;
			buildSettings = {
				ASSETCATALOG_COMPILER_APPICON_NAME = AppIcon;
				ASSETCATALOG_COMPILER_GLOBAL_ACCENT_COLOR_NAME = AccentColor;
				CODE_SIGN_ENTITLEMENTS = PingStatus/PingStatus.entitlements;
				CODE_SIGN_STYLE = Automatic;
				COMBINE_HIDPI_IMAGES = YES;
				CURRENT_PROJECT_VERSION = 1;
				ENABLE_PREVIEWS = YES;
				GENERATE_INFOPLIST_FILE = YES;
				INFOPLIST_KEY_NSHumanReadableCopyright = "";
				LD_RUNPATH_SEARCH_PATHS = (
					"$(inherited)",
					"@executable_path/../Frameworks",
				);
				MARKETING_VERSION = 1.0;
				PRODUCT_BUNDLE_IDENTIFIER = small.utils.PingStatus;
				PRODUCT_NAME = "$(TARGET_NAME)";
				REGISTER_APP_GROUPS = YES;
				SWIFT_EMIT_LOC_STRINGS = YES;
				SWIFT_VERSION = 5.0;
			};
			name = Release;
		};
		79D1EB592E4F677600625E35 /* Debug */ = {
			isa = XCBuildConfiguration;
			buildSettings = {
				BUNDLE_LOADER = "$(TEST_HOST)";
				CODE_SIGN_STYLE = Automatic;
				CURRENT_PROJECT_VERSION = 1;
				GENERATE_INFOPLIST_FILE = YES;
				MACOSX_DEPLOYMENT_TARGET = 15.5;
				MARKETING_VERSION = 1.0;
				PRODUCT_BUNDLE_IDENTIFIER = small.utils.PingStatusTests;
				PRODUCT_NAME = "$(TARGET_NAME)";
				SWIFT_EMIT_LOC_STRINGS = NO;
				SWIFT_VERSION = 5.0;
				TEST_HOST = "$(BUILT_PRODUCTS_DIR)/PingStatus.app/$(BUNDLE_EXECUTABLE_FOLDER_PATH)/PingStatus";
			};
			name = Debug;
		};
		79D1EB5A2E4F677600625E35 /* Release */ = {
			isa = XCBuildConfiguration;
			buildSettings = {
				BUNDLE_LOADER = "$(TEST_HOST)";
				CODE_SIGN_STYLE = Automatic;
				CURRENT_PROJECT_VERSION = 1;
				GENERATE_INFOPLIST_FILE = YES;
				MACOSX_DEPLOYMENT_TARGET = 15.5;
				MARKETING_VERSION = 1.0;
				PRODUCT_BUNDLE_IDENTIFIER = small.utils.PingStatusTests;
				PRODUCT_NAME = "$(TARGET_NAME)";
				SWIFT_EMIT_LOC_STRINGS = NO;
				SWIFT_VERSION = 5.0;
				TEST_HOST = "$(BUILT_PRODUCTS_DIR)/PingStatus.app/$(BUNDLE_EXECUTABLE_FOLDER_PATH)/PingStatus";
			};
			name = Release;
		};
		79D1EB5C2E4F677600625E35 /* Debug */ = {
			isa = XCBuildConfiguration;
			buildSettings = {
				CODE_SIGN_STYLE = Automatic;
				CURRENT_PROJECT_VERSION = 1;
				GENERATE_INFOPLIST_FILE = YES;
				MARKETING_VERSION = 1.0;
				PRODUCT_BUNDLE_IDENTIFIER = small.utils.PingStatusUITests;
				PRODUCT_NAME = "$(TARGET_NAME)";
				SWIFT_EMIT_LOC_STRINGS = NO;
				SWIFT_VERSION = 5.0;
				TEST_TARGET_NAME = PingStatus;
			};
			name = Debug;
		};
		79D1EB5D2E4F677600625E35 /* Release */ = {
			isa = XCBuildConfiguration;
			buildSettings = {
				CODE_SIGN_STYLE = Automatic;
				CURRENT_PROJECT_VERSION = 1;
				GENERATE_INFOPLIST_FILE = YES;
				MARKETING_VERSION = 1.0;
				PRODUCT_BUNDLE_IDENTIFIER = small.utils.PingStatusUITests;
				PRODUCT_NAME = "$(TARGET_NAME)";
				SWIFT_EMIT_LOC_STRINGS = NO;
				SWIFT_VERSION = 5.0;
				TEST_TARGET_NAME = PingStatus;
			};
			name = Release;
		};
/* End XCBuildConfiguration section */

/* Begin XCConfigurationList section */
		79D1EB2E2E4F677600625E35 /* Build configuration list for PBXProject "PingStatus" */ = {
			isa = XCConfigurationList;
			buildConfigurations = (
				79D1EB532E4F677600625E35 /* Debug */,
				79D1EB542E4F677600625E35 /* Release */,
			);
			defaultConfigurationIsVisible = 0;
			defaultConfigurationName = Release;
		};
		79D1EB552E4F677600625E35 /* Build configuration list for PBXNativeTarget "PingStatus" */ = {
			isa = XCConfigurationList;
			buildConfigurations = (
				79D1EB562E4F677600625E35 /* Debug */,
				79D1EB572E4F677600625E35 /* Release */,
			);
			defaultConfigurationIsVisible = 0;
			defaultConfigurationName = Release;
		};
		79D1EB582E4F677600625E35 /* Build configuration list for PBXNativeTarget "PingStatusTests" */ = {
			isa = XCConfigurationList;
			buildConfigurations = (
				79D1EB592E4F677600625E35 /* Debug */,
				79D1EB5A2E4F677600625E35 /* Release */,
			);
			defaultConfigurationIsVisible = 0;
			defaultConfigurationName = Release;
		};
		79D1EB5B2E4F677600625E35 /* Build configuration list for PBXNativeTarget "PingStatusUITests" */ = {
			isa = XCConfigurationList;
			buildConfigurations = (
				79D1EB5C2E4F677600625E35 /* Debug */,
				79D1EB5D2E4F677600625E35 /* Release */,
			);
			defaultConfigurationIsVisible = 0;
			defaultConfigurationName = Release;
		};
/* End XCConfigurationList section */
	};
	rootObject = 79D1EB2B2E4F677600625E35 /* Project object */;
}
